
Microsoft Visual Studio Solution File, Format Version 12.00
# Visual Studio Version 17
VisualStudioVersion = 17.1.32407.343
MinimumVisualStudioVersion = 10.0.40219.1
Project("{FAE04EC0-301F-11D3-BF4B-00C04F79EFBC}") = "TicTacToe.Server", "Server\TicTacToe.Server.csproj", "{19B43EB0-9B63-41C0-8A9F-4229EDC83D3D}"
EndProject
Project("{FAE04EC0-301F-11D3-BF4B-00C04F79EFBC}") = "TicTacToe.Client", "Client\TicTacToe.Client.csproj", "{588E348F-48E4-47F5-AFC7-24957A1B77B6}"
EndProject
Project("{FAE04EC0-301F-11D3-BF4B-00C04F79EFBC}") = "TicTacToe.Shared", "Shared\TicTacToe.Shared.csproj", "{F6325BE7-A819-4CAE-85E1-44E83869EBF3}"
EndProject
Global
	GlobalSection(SolutionConfigurationPlatforms) = preSolution
		Debug|Any CPU = Debug|Any CPU
		Release|Any CPU = Release|Any CPU
	EndGlobalSection
	GlobalSection(ProjectConfigurationPlatforms) = postSolution
		{19B43EB0-9B63-41C0-8A9F-4229EDC83D3D}.Debug|Any CPU.ActiveCfg = Debug|Any CPU
		{19B43EB0-9B63-41C0-8A9F-4229EDC83D3D}.Debug|Any CPU.Build.0 = Debug|Any CPU
		{19B43EB0-9B63-41C0-8A9F-4229EDC83D3D}.Release|Any CPU.ActiveCfg = Release|Any CPU
		{19B43EB0-9B63-41C0-8A9F-4229EDC83D3D}.Release|Any CPU.Build.0 = Release|Any CPU
		{588E348F-48E4-47F5-AFC7-24957A1B77B6}.Debug|Any CPU.ActiveCfg = Debug|Any CPU
		{588E348F-48E4-47F5-AFC7-24957A1B77B6}.Debug|Any CPU.Build.0 = Debug|Any CPU
		{588E348F-48E4-47F5-AFC7-24957A1B77B6}.Release|Any CPU.ActiveCfg = Release|Any CPU
		{588E348F-48E4-47F5-AFC7-24957A1B77B6}.Release|Any CPU.Build.0 = Release|Any CPU
		{F6325BE7-A819-4CAE-85E1-44E83869EBF3}.Debug|Any CPU.ActiveCfg = Debug|Any CPU
		{F6325BE7-A819-4CAE-85E1-44E83869EBF3}.Debug|Any CPU.Build.0 = Debug|Any CPU
		{F6325BE7-A819-4CAE-85E1-44E83869EBF3}.Release|Any CPU.ActiveCfg = Release|Any CPU
		{F6325BE7-A819-4CAE-85E1-44E83869EBF3}.Release|Any CPU.Build.0 = Release|Any CPU
	EndGlobalSection
	GlobalSection(SolutionProperties) = preSolution
		HideSolutionNode = FALSE
	EndGlobalSection
	GlobalSection(ExtensibilityGlobals) = postSolution
		SolutionGuid = {1BEB1658-1BE5-4BD9-9765-F751C3A23028}
	EndGlobalSection
EndGlobal
